
Microsoft Visual Studio Solution File, Format Version 12.00
# Visual Studio 15
VisualStudioVersion = 15.0.28307.421
MinimumVisualStudioVersion = 10.0.40219.1
Project("{8BC9CEB8-8B4A-11D0-8D11-00A0C91BC942}") = "SPOVM_1_LAB", "SPOVM_1_LAB\SPOVM_1_LAB.vcxproj", "{7D5C7806-246E-4966-981A-D8A29E5F86DA}"
EndProject
Project("{8BC9CEB8-8B4A-11D0-8D11-00A0C91BC942}") = "Sleep", "Sleep\Sleep.vcxproj", "{FD337EC7-5E82-465B-B377-37F1C8016308}"
EndProject
Global
	GlobalSection(SolutionConfigurationPlatforms) = preSolution
		Debug|x64 = Debug|x64
		Debug|x86 = Debug|x86
		Release|x64 = Release|x64
		Release|x86 = Release|x86
	EndGlobalSection
	GlobalSection(ProjectConfigurationPlatforms) = postSolution
		{7D5C7806-246E-4966-981A-D8A29E5F86DA}.Debug|x64.ActiveCfg = Debug|x64
		{7D5C7806-246E-4966-981A-D8A29E5F86DA}.Debug|x64.Build.0 = Debug|x64
		{7D5C7806-246E-4966-981A-D8A29E5F86DA}.Debug|x86.ActiveCfg = Debug|Win32
		{7D5C7806-246E-4966-981A-D8A29E5F86DA}.Debug|x86.Build.0 = Debug|Win32
		{7D5C7806-246E-4966-981A-D8A29E5F86DA}.Release|x64.ActiveCfg = Release|x64
		{7D5C7806-246E-4966-981A-D8A29E5F86DA}.Release|x64.Build.0 = Release|x64
		{7D5C7806-246E-4966-981A-D8A29E5F86DA}.Release|x86.ActiveCfg = Release|Win32
		{7D5C7806-246E-4966-981A-D8A29E5F86DA}.Release|x86.Build.0 = Release|Win32
		{FD337EC7-5E82-465B-B377-37F1C8016308}.Debug|x64.ActiveCfg = Debug|x64
		{FD337EC7-5E82-465B-B377-37F1C8016308}.Debug|x64.Build.0 = Debug|x64
		{FD337EC7-5E82-465B-B377-37F1C8016308}.Debug|x86.ActiveCfg = Debug|Win32
		{FD337EC7-5E82-465B-B377-37F1C8016308}.Debug|x86.Build.0 = Debug|Win32
		{FD337EC7-5E82-465B-B377-37F1C8016308}.Release|x64.ActiveCfg = Release|x64
		{FD337EC7-5E82-465B-B377-37F1C8016308}.Release|x64.Build.0 = Release|x64
		{FD337EC7-5E82-465B-B377-37F1C8016308}.Release|x86.ActiveCfg = Release|Win32
		{FD337EC7-5E82-465B-B377-37F1C8016308}.Release|x86.Build.0 = Release|Win32
	EndGlobalSection
	GlobalSection(SolutionProperties) = preSolution
		HideSolutionNode = FALSE
	EndGlobalSection
	GlobalSection(ExtensibilityGlobals) = postSolution
		SolutionGuid = {31D4AD7C-4C9F-405C-9919-1C0FCFA5565F}
	EndGlobalSection
EndGlobal
